{
  "lockfileVersion": 1,
  "workspaces": {
    "": {
      "name": "bun-react-template",
      "devDependencies": {
        "@biomejs/biome": "^2.2.3",
        "@types/bun": "latest",
        "@types/react": "^19",
        "@types/react-dom": "^19",
        "lefthook": "^1.12.4",
      },
    },
  },
  "packages": {
    "@biomejs/biome": ["@biomejs/biome@2.2.3", "", { "optionalDependencies": { "@biomejs/cli-darwin-arm64": "2.2.3", "@biomejs/cli-darwin-x64": "2.2.3", "@biomejs/cli-linux-arm64": "2.2.3", "@biomejs/cli-linux-arm64-musl": "2.2.3", "@biomejs/cli-linux-x64": "2.2.3", "@biomejs/cli-linux-x64-musl": "2.2.3", "@biomejs/cli-win32-arm64": "2.2.3", "@biomejs/cli-win32-x64": "2.2.3" }, "bin": { "biome": "bin/biome" } }, "sha512-9w0uMTvPrIdvUrxazZ42Ib7t8Y2yoGLKLdNne93RLICmaHw7mcLv4PPb5LvZLJF3141gQHiCColOh/v6VWlWmg=="],

    "@biomejs/cli-darwin-arm64": ["@biomejs/cli-darwin-arm64@2.2.3", "", { "os": "darwin", "cpu": "arm64" }, "sha512-OrqQVBpadB5eqzinXN4+Q6honBz+tTlKVCsbEuEpljK8ASSItzIRZUA02mTikl3H/1nO2BMPFiJ0nkEZNy3B1w=="],

    "@biomejs/cli-darwin-x64": ["@biomejs/cli-darwin-x64@2.2.3", "", { "os": "darwin", "cpu": "x64" }, "sha512-OCdBpb1TmyfsTgBAM1kPMXyYKTohQ48WpiN9tkt9xvU6gKVKHY4oVwteBebiOqyfyzCNaSiuKIPjmHjUZ2ZNMg=="],

    "@biomejs/cli-linux-arm64": ["@biomejs/cli-linux-arm64@2.2.3", "", { "os": "linux", "cpu": "arm64" }, "sha512-g/Uta2DqYpECxG+vUmTAmUKlVhnGEcY7DXWgKP8ruLRa8Si1QHsWknPY3B/wCo0KgYiFIOAZ9hjsHfNb9L85+g=="],

    "@biomejs/cli-linux-arm64-musl": ["@biomejs/cli-linux-arm64-musl@2.2.3", "", { "os": "linux", "cpu": "arm64" }, "sha512-q3w9jJ6JFPZPeqyvwwPeaiS/6NEszZ+pXKF+IczNo8Xj6fsii45a4gEEicKyKIytalV+s829ACZujQlXAiVLBQ=="],

    "@biomejs/cli-linux-x64": ["@biomejs/cli-linux-x64@2.2.3", "", { "os": "linux", "cpu": "x64" }, "sha512-LEtyYL1fJsvw35CxrbQ0gZoxOG3oZsAjzfRdvRBRHxOpQ91Q5doRVjvWW/wepgSdgk5hlaNzfeqpyGmfSD0Eyw=="],

    "@biomejs/cli-linux-x64-musl": ["@biomejs/cli-linux-x64-musl@2.2.3", "", { "os": "linux", "cpu": "x64" }, "sha512-y76Dn4vkP1sMRGPFlNc+OTETBhGPJ90jY3il6jAfur8XWrYBQV3swZ1Jo0R2g+JpOeeoA0cOwM7mJG6svDz79w=="],

    "@biomejs/cli-win32-arm64": ["@biomejs/cli-win32-arm64@2.2.3", "", { "os": "win32", "cpu": "arm64" }, "sha512-Ms9zFYzjcJK7LV+AOMYnjN3pV3xL8Prxf9aWdDVL74onLn5kcvZ1ZMQswE5XHtnd/r/0bnUd928Rpbs14BzVmA=="],

    "@biomejs/cli-win32-x64": ["@biomejs/cli-win32-x64@2.2.3", "", { "os": "win32", "cpu": "x64" }, "sha512-gvCpewE7mBwBIpqk1YrUqNR4mCiyJm6UI3YWQQXkedSSEwzRdodRpaKhbdbHw1/hmTWOVXQ+Eih5Qctf4TCVOQ=="],

    "@types/bun": ["@types/bun@1.2.21", "", { "dependencies": { "bun-types": "1.2.21" } }, "sha512-NiDnvEqmbfQ6dmZ3EeUO577s4P5bf4HCTXtI6trMc6f6RzirY5IrF3aIookuSpyslFzrnvv2lmEWv5HyC1X79A=="],

    "@types/node": ["@types/node@24.3.1", "", { "dependencies": { "undici-types": "~7.10.0" } }, "sha512-3vXmQDXy+woz+gnrTvuvNrPzekOi+Ds0ReMxw0LzBiK3a+1k0kQn9f2NWk+lgD4rJehFUmYy2gMhJ2ZI+7YP9g=="],

    "@types/react": ["@types/react@19.1.12", "", { "dependencies": { "csstype": "^3.0.2" } }, "sha512-cMoR+FoAf/Jyq6+Df2/Z41jISvGZZ2eTlnsaJRptmZ76Caldwy1odD4xTr/gNV9VLj0AWgg/nmkevIyUfIIq5w=="],

    "@types/react-dom": ["@types/react-dom@19.1.9", "", { "peerDependencies": { "@types/react": "^19.0.0" } }, "sha512-qXRuZaOsAdXKFyOhRBg6Lqqc0yay13vN7KrIg4L7N4aaHN68ma9OK3NE1BoDFgFOTfM7zg+3/8+2n8rLUH3OKQ=="],

    "bun-types": ["bun-types@1.2.21", "", { "dependencies": { "@types/node": "*" }, "peerDependencies": { "@types/react": "^19" } }, "sha512-sa2Tj77Ijc/NTLS0/Odjq/qngmEPZfbfnOERi0KRUYhT9R8M4VBioWVmMWE5GrYbKMc+5lVybXygLdibHaqVqw=="],

    "csstype": ["csstype@3.1.3", "", {}, "sha512-M1uQkMl8rQK/szD0LNhtqxIPLpimGm8sOBwU7lLnCpSbTyY3yeU1Vc7l4KT5zT4s/yOxHH5O7tIuuLOCnLADRw=="],

    "lefthook": ["lefthook@1.12.4", "", { "optionalDependencies": { "lefthook-darwin-arm64": "1.12.4", "lefthook-darwin-x64": "1.12.4", "lefthook-freebsd-arm64": "1.12.4", "lefthook-freebsd-x64": "1.12.4", "lefthook-linux-arm64": "1.12.4", "lefthook-linux-x64": "1.12.4", "lefthook-openbsd-arm64": "1.12.4", "lefthook-openbsd-x64": "1.12.4", "lefthook-windows-arm64": "1.12.4", "lefthook-windows-x64": "1.12.4" }, "bin": { "lefthook": "bin/index.js" } }, "sha512-VhTFYGT55pD2hytjcn6Lckb0tCbG1Cke6rszTWVQVJpnJZ0EqQW+Pl+JYQLlruR8MO4RGFVU0UBUw17/g9TYxA=="],

    "lefthook-darwin-arm64": ["lefthook-darwin-arm64@1.12.4", "", { "os": "darwin", "cpu": "arm64" }, "sha512-/eBd9GnBS9Js2ZsHzipj2cV8siFex/g6MgBSeIxsHBJNkQFq4O42ItWxUir5Q43zFvZCjGizBlhklbmubGOZfg=="],

    "lefthook-darwin-x64": ["lefthook-darwin-x64@1.12.4", "", { "os": "darwin", "cpu": "x64" }, "sha512-WDO0oR3pIAIBTZtn4/4dC0GRyrfJtPGckYbqshpH4Fkuxyy7nRGy3su+uY8kiiVYLy/nvELY2eoqnT1Rp4njFQ=="],

    "lefthook-freebsd-arm64": ["lefthook-freebsd-arm64@1.12.4", "", { "os": "freebsd", "cpu": "arm64" }, "sha512-/VNBWQvAsLuVilS7JB+pufTjuoj06Oz5YdGWUCo6u2XCKZ6UHzwDtGDJ0+3JQMSg8613gHmAdkGoByKjxqZSkQ=="],

    "lefthook-freebsd-x64": ["lefthook-freebsd-x64@1.12.4", "", { "os": "freebsd", "cpu": "x64" }, "sha512-bY6klVVeBoiQEimb/z5TC5IFyczak9VOVQ8b+S/QAy+tvKo9TY6FdGwy7yxgoqTzfEkirDQxVOkalQsM/11xsg=="],

    "lefthook-linux-arm64": ["lefthook-linux-arm64@1.12.4", "", { "os": "linux", "cpu": "arm64" }, "sha512-iU+tPCNcX1pztk5Zjs02+sOnjZj9kCrLn6pg954WMr9dZTIaEBljRV+ybBP/5zLlv2wfv5HFBDKDKNRYjOVF+A=="],

    "lefthook-linux-x64": ["lefthook-linux-x64@1.12.4", "", { "os": "linux", "cpu": "x64" }, "sha512-IXYUSBYetftYmdii2aGIjv7kxO2m+jTYjaEoldtCDcXAPz/yV78Xx2WzY/LYNJsJ1vzbUhBqVOeRCHCwLXusTQ=="],

    "lefthook-openbsd-arm64": ["lefthook-openbsd-arm64@1.12.4", "", { "os": "openbsd", "cpu": "arm64" }, "sha512-3DFLbqAlAeoqo//PE20NcGKJzBqAMbS/roPvaJ9DYA95MSywMig2jxyDoZbBhyP/J/iuFO3op7emtwgwousckA=="],

    "lefthook-openbsd-x64": ["lefthook-openbsd-x64@1.12.4", "", { "os": "openbsd", "cpu": "x64" }, "sha512-Nlxn3lXHK3hRDL5bP5W6+LleE9CRIc6GJ84xTo9EPwI40utsM8olAm+pFFRnE9szkHvQTkXwoBhqi2C5laxoGQ=="],

    "lefthook-windows-arm64": ["lefthook-windows-arm64@1.12.4", "", { "os": "win32", "cpu": "arm64" }, "sha512-tWOfrTC9GNheaFXFt49G5nbBUYLqd2NBb5XW97dSLO/lU81cvuvRsMKZFBrq48LvByT7PLwEuibMuO1TminhHA=="],

    "lefthook-windows-x64": ["lefthook-windows-x64@1.12.4", "", { "os": "win32", "cpu": "x64" }, "sha512-3B295z3tdcdDrKrY98b/cSm4Elb/TXWMVQuH2xW15CJp9QY6jsgRpFJyBdyz4ggrPFhNUVnLKCpm6/saqeZWHA=="],

    "undici-types": ["undici-types@7.10.0", "", {}, "sha512-t5Fy/nfn+14LuOc2KNYg75vZqClpAiqscVvMygNnlsHBFpSXdJaYtXMcdNLpl/Qvc3P2cB3s6lOV51nqsFq4ag=="],
  }
}
